
Microsoft Visual Studio Solution File, Format Version 12.00
# Visual Studio 15
VisualStudioVersion = 15.0.28307.757
MinimumVisualStudioVersion = 10.0.40219.1
Project("{8BC9CEB8-8B4A-11D0-8D11-00A0C91BC942}") = "00_SKELETONE", "00_SKELETONE\00_SKELETONE.vcxproj", "{1954FB27-E498-49AA-B1BF-5D67ECC33A02}"
EndProject
Project("{8BC9CEB8-8B4A-11D0-8D11-00A0C91BC942}") = "01_TextOut", "01_TextOut\01_TextOut.vcxproj", "{7D5B7BE4-35E9-43BF-9D90-33A78629E494}"
EndProject
Project("{8BC9CEB8-8B4A-11D0-8D11-00A0C91BC942}") = "02_DrawText", "02_DrawText\02_DrawText.vcxproj", "{DD36831F-6098-4CBB-ADE8-056686A2792D}"
EndProject
Project("{8BC9CEB8-8B4A-11D0-8D11-00A0C91BC942}") = "03_GraphOut", "03_GraphOut\03_GraphOut.vcxproj", "{4A476FE7-7BE5-44C6-81E6-5AFED5F0FDAD}"
EndProject
Project("{8BC9CEB8-8B4A-11D0-8D11-00A0C91BC942}") = "04_Key", "04_Key\04_Key.vcxproj", "{D0EDFA36-90AA-4183-919C-15D66D0C1D1F}"
EndProject
Project("{8BC9CEB8-8B4A-11D0-8D11-00A0C91BC942}") = "05_KeyDown", "05_KeyDown\05_KeyDown.vcxproj", "{2BC97FFE-6492-4D4A-A599-12B72C95702D}"
EndProject
Project("{8BC9CEB8-8B4A-11D0-8D11-00A0C91BC942}") = "06_Mouse", "06_Mouse\06_Mouse.vcxproj", "{B26A4A57-BA38-44DF-8E69-B7A2583F16E6}"
EndProject
Project("{8BC9CEB8-8B4A-11D0-8D11-00A0C91BC942}") = "07_MyTimer", "07_MyTimer\07_MyTimer.vcxproj", "{9DE12136-CD99-4E5F-9BC9-2903A69ABE35}"
EndProject
Project("{8BC9CEB8-8B4A-11D0-8D11-00A0C91BC942}") = "BounceBall", "BounceBall\BounceBall.vcxproj", "{2F683B5A-5B0F-4E6E-BE37-2C49F244B4C2}"
EndProject
Project("{8BC9CEB8-8B4A-11D0-8D11-00A0C91BC942}") = "08_Pen", "08_Pen\08_Pen.vcxproj", "{EDF7346B-BE68-4A5B-8F7B-903D8DA04652}"
EndProject
Project("{8BC9CEB8-8B4A-11D0-8D11-00A0C91BC942}") = "MyBenechia", "MyBenechia\MyBenechia.vcxproj", "{217474DA-7E35-452D-A773-DAA8D6BBA317}"
EndProject
Project("{8BC9CEB8-8B4A-11D0-8D11-00A0C91BC942}") = "09_Resource", "09_Resource\09_Resource.vcxproj", "{64E3DB03-0857-4189-9F35-5D9827F20FF2}"
EndProject
Project("{8BC9CEB8-8B4A-11D0-8D11-00A0C91BC942}") = "MatchCardGame", "MatchCardGame\MatchCardGame.vcxproj", "{66EC8333-8853-485E-89D9-E3B18F4BAF25}"
EndProject
Project("{8BC9CEB8-8B4A-11D0-8D11-00A0C91BC942}") = "MyMineSweeper", "MyMineSweeper\MyMineSweeper.vcxproj", "{1951812F-0FFE-4768-B080-6FDA7DAF2BF8}"
EndProject
Project("{8BC9CEB8-8B4A-11D0-8D11-00A0C91BC942}") = "10_DoubbleBufferDraw", "10_DoubbleBufferDraw\10_DoubbleBufferDraw.vcxproj", "{0AE49C11-A117-4520-974D-8267B9C6A040}"
EndProject
Project("{8BC9CEB8-8B4A-11D0-8D11-00A0C91BC942}") = "MyCircusGame", "MyCircusGame\MyCircusGame.vcxproj", "{B0F4EE91-73D3-4E16-84EC-9BFC057A2B8B}"
EndProject
Project("{8BC9CEB8-8B4A-11D0-8D11-00A0C91BC942}") = "11_Button", "11_Button\11_Button.vcxproj", "{644D8CD0-1329-49BD-852D-AFA5B6DFD91C}"
EndProject
Project("{8BC9CEB8-8B4A-11D0-8D11-00A0C91BC942}") = "12_Edit", "12_Edit\12_Edit.vcxproj", "{558DDA99-5737-46BC-ACF0-5A5A6492AF51}"
EndProject
Project("{8BC9CEB8-8B4A-11D0-8D11-00A0C91BC942}") = "MyBattleCityMapEditor", "MyBattleCityMapEditor\MyBattleCityMapEditor.vcxproj", "{1DA0900E-9880-45CA-9DB5-E0A00B5EBCB2}"
EndProject
Global
	GlobalSection(SolutionConfigurationPlatforms) = preSolution
		Debug|x64 = Debug|x64
		Debug|x86 = Debug|x86
		Release|x64 = Release|x64
		Release|x86 = Release|x86
	EndGlobalSection
	GlobalSection(ProjectConfigurationPlatforms) = postSolution
		{1954FB27-E498-49AA-B1BF-5D67ECC33A02}.Debug|x64.ActiveCfg = Debug|x64
		{1954FB27-E498-49AA-B1BF-5D67ECC33A02}.Debug|x64.Build.0 = Debug|x64
		{1954FB27-E498-49AA-B1BF-5D67ECC33A02}.Debug|x86.ActiveCfg = Debug|Win32
		{1954FB27-E498-49AA-B1BF-5D67ECC33A02}.Debug|x86.Build.0 = Debug|Win32
		{1954FB27-E498-49AA-B1BF-5D67ECC33A02}.Release|x64.ActiveCfg = Release|x64
		{1954FB27-E498-49AA-B1BF-5D67ECC33A02}.Release|x64.Build.0 = Release|x64
		{1954FB27-E498-49AA-B1BF-5D67ECC33A02}.Release|x86.ActiveCfg = Release|Win32
		{1954FB27-E498-49AA-B1BF-5D67ECC33A02}.Release|x86.Build.0 = Release|Win32
		{7D5B7BE4-35E9-43BF-9D90-33A78629E494}.Debug|x64.ActiveCfg = Debug|x64
		{7D5B7BE4-35E9-43BF-9D90-33A78629E494}.Debug|x64.Build.0 = Debug|x64
		{7D5B7BE4-35E9-43BF-9D90-33A78629E494}.Debug|x86.ActiveCfg = Debug|Win32
		{7D5B7BE4-35E9-43BF-9D90-33A78629E494}.Debug|x86.Build.0 = Debug|Win32
		{7D5B7BE4-35E9-43BF-9D90-33A78629E494}.Release|x64.ActiveCfg = Release|x64
		{7D5B7BE4-35E9-43BF-9D90-33A78629E494}.Release|x64.Build.0 = Release|x64
		{7D5B7BE4-35E9-43BF-9D90-33A78629E494}.Release|x86.ActiveCfg = Release|Win32
		{7D5B7BE4-35E9-43BF-9D90-33A78629E494}.Release|x86.Build.0 = Release|Win32
		{DD36831F-6098-4CBB-ADE8-056686A2792D}.Debug|x64.ActiveCfg = Debug|x64
		{DD36831F-6098-4CBB-ADE8-056686A2792D}.Debug|x64.Build.0 = Debug|x64
		{DD36831F-6098-4CBB-ADE8-056686A2792D}.Debug|x86.ActiveCfg = Debug|Win32
		{DD36831F-6098-4CBB-ADE8-056686A2792D}.Debug|x86.Build.0 = Debug|Win32
		{DD36831F-6098-4CBB-ADE8-056686A2792D}.Release|x64.ActiveCfg = Release|x64
		{DD36831F-6098-4CBB-ADE8-056686A2792D}.Release|x64.Build.0 = Release|x64
		{DD36831F-6098-4CBB-ADE8-056686A2792D}.Release|x86.ActiveCfg = Release|Win32
		{DD36831F-6098-4CBB-ADE8-056686A2792D}.Release|x86.Build.0 = Release|Win32
		{4A476FE7-7BE5-44C6-81E6-5AFED5F0FDAD}.Debug|x64.ActiveCfg = Debug|x64
		{4A476FE7-7BE5-44C6-81E6-5AFED5F0FDAD}.Debug|x64.Build.0 = Debug|x64
		{4A476FE7-7BE5-44C6-81E6-5AFED5F0FDAD}.Debug|x86.ActiveCfg = Debug|Win32
		{4A476FE7-7BE5-44C6-81E6-5AFED5F0FDAD}.Debug|x86.Build.0 = Debug|Win32
		{4A476FE7-7BE5-44C6-81E6-5AFED5F0FDAD}.Release|x64.ActiveCfg = Release|x64
		{4A476FE7-7BE5-44C6-81E6-5AFED5F0FDAD}.Release|x64.Build.0 = Release|x64
		{4A476FE7-7BE5-44C6-81E6-5AFED5F0FDAD}.Release|x86.ActiveCfg = Release|Win32
		{4A476FE7-7BE5-44C6-81E6-5AFED5F0FDAD}.Release|x86.Build.0 = Release|Win32
		{D0EDFA36-90AA-4183-919C-15D66D0C1D1F}.Debug|x64.ActiveCfg = Debug|x64
		{D0EDFA36-90AA-4183-919C-15D66D0C1D1F}.Debug|x64.Build.0 = Debug|x64
		{D0EDFA36-90AA-4183-919C-15D66D0C1D1F}.Debug|x86.ActiveCfg = Debug|Win32
		{D0EDFA36-90AA-4183-919C-15D66D0C1D1F}.Debug|x86.Build.0 = Debug|Win32
		{D0EDFA36-90AA-4183-919C-15D66D0C1D1F}.Release|x64.ActiveCfg = Release|x64
		{D0EDFA36-90AA-4183-919C-15D66D0C1D1F}.Release|x64.Build.0 = Release|x64
		{D0EDFA36-90AA-4183-919C-15D66D0C1D1F}.Release|x86.ActiveCfg = Release|Win32
		{D0EDFA36-90AA-4183-919C-15D66D0C1D1F}.Release|x86.Build.0 = Release|Win32
		{2BC97FFE-6492-4D4A-A599-12B72C95702D}.Debug|x64.ActiveCfg = Debug|x64
		{2BC97FFE-6492-4D4A-A599-12B72C95702D}.Debug|x64.Build.0 = Debug|x64
		{2BC97FFE-6492-4D4A-A599-12B72C95702D}.Debug|x86.ActiveCfg = Debug|Win32
		{2BC97FFE-6492-4D4A-A599-12B72C95702D}.Debug|x86.Build.0 = Debug|Win32
		{2BC97FFE-6492-4D4A-A599-12B72C95702D}.Release|x64.ActiveCfg = Release|x64
		{2BC97FFE-6492-4D4A-A599-12B72C95702D}.Release|x64.Build.0 = Release|x64
		{2BC97FFE-6492-4D4A-A599-12B72C95702D}.Release|x86.ActiveCfg = Release|Win32
		{2BC97FFE-6492-4D4A-A599-12B72C95702D}.Release|x86.Build.0 = Release|Win32
		{B26A4A57-BA38-44DF-8E69-B7A2583F16E6}.Debug|x64.ActiveCfg = Debug|x64
		{B26A4A57-BA38-44DF-8E69-B7A2583F16E6}.Debug|x64.Build.0 = Debug|x64
		{B26A4A57-BA38-44DF-8E69-B7A2583F16E6}.Debug|x86.ActiveCfg = Debug|Win32
		{B26A4A57-BA38-44DF-8E69-B7A2583F16E6}.Debug|x86.Build.0 = Debug|Win32
		{B26A4A57-BA38-44DF-8E69-B7A2583F16E6}.Release|x64.ActiveCfg = Release|x64
		{B26A4A57-BA38-44DF-8E69-B7A2583F16E6}.Release|x64.Build.0 = Release|x64
		{B26A4A57-BA38-44DF-8E69-B7A2583F16E6}.Release|x86.ActiveCfg = Release|Win32
		{B26A4A57-BA38-44DF-8E69-B7A2583F16E6}.Release|x86.Build.0 = Release|Win32
		{9DE12136-CD99-4E5F-9BC9-2903A69ABE35}.Debug|x64.ActiveCfg = Debug|x64
		{9DE12136-CD99-4E5F-9BC9-2903A69ABE35}.Debug|x64.Build.0 = Debug|x64
		{9DE12136-CD99-4E5F-9BC9-2903A69ABE35}.Debug|x86.ActiveCfg = Debug|Win32
		{9DE12136-CD99-4E5F-9BC9-2903A69ABE35}.Debug|x86.Build.0 = Debug|Win32
		{9DE12136-CD99-4E5F-9BC9-2903A69ABE35}.Release|x64.ActiveCfg = Release|x64
		{9DE12136-CD99-4E5F-9BC9-2903A69ABE35}.Release|x64.Build.0 = Release|x64
		{9DE12136-CD99-4E5F-9BC9-2903A69ABE35}.Release|x86.ActiveCfg = Release|Win32
		{9DE12136-CD99-4E5F-9BC9-2903A69ABE35}.Release|x86.Build.0 = Release|Win32
		{2F683B5A-5B0F-4E6E-BE37-2C49F244B4C2}.Debug|x64.ActiveCfg = Debug|x64
		{2F683B5A-5B0F-4E6E-BE37-2C49F244B4C2}.Debug|x64.Build.0 = Debug|x64
		{2F683B5A-5B0F-4E6E-BE37-2C49F244B4C2}.Debug|x86.ActiveCfg = Debug|Win32
		{2F683B5A-5B0F-4E6E-BE37-2C49F244B4C2}.Debug|x86.Build.0 = Debug|Win32
		{2F683B5A-5B0F-4E6E-BE37-2C49F244B4C2}.Release|x64.ActiveCfg = Release|x64
		{2F683B5A-5B0F-4E6E-BE37-2C49F244B4C2}.Release|x64.Build.0 = Release|x64
		{2F683B5A-5B0F-4E6E-BE37-2C49F244B4C2}.Release|x86.ActiveCfg = Release|Win32
		{2F683B5A-5B0F-4E6E-BE37-2C49F244B4C2}.Release|x86.Build.0 = Release|Win32
		{EDF7346B-BE68-4A5B-8F7B-903D8DA04652}.Debug|x64.ActiveCfg = Debug|x64
		{EDF7346B-BE68-4A5B-8F7B-903D8DA04652}.Debug|x64.Build.0 = Debug|x64
		{EDF7346B-BE68-4A5B-8F7B-903D8DA04652}.Debug|x86.ActiveCfg = Debug|Win32
		{EDF7346B-BE68-4A5B-8F7B-903D8DA04652}.Debug|x86.Build.0 = Debug|Win32
		{EDF7346B-BE68-4A5B-8F7B-903D8DA04652}.Release|x64.ActiveCfg = Release|x64
		{EDF7346B-BE68-4A5B-8F7B-903D8DA04652}.Release|x64.Build.0 = Release|x64
		{EDF7346B-BE68-4A5B-8F7B-903D8DA04652}.Release|x86.ActiveCfg = Release|Win32
		{EDF7346B-BE68-4A5B-8F7B-903D8DA04652}.Release|x86.Build.0 = Release|Win32
		{217474DA-7E35-452D-A773-DAA8D6BBA317}.Debug|x64.ActiveCfg = Debug|x64
		{217474DA-7E35-452D-A773-DAA8D6BBA317}.Debug|x64.Build.0 = Debug|x64
		{217474DA-7E35-452D-A773-DAA8D6BBA317}.Debug|x86.ActiveCfg = Debug|Win32
		{217474DA-7E35-452D-A773-DAA8D6BBA317}.Debug|x86.Build.0 = Debug|Win32
		{217474DA-7E35-452D-A773-DAA8D6BBA317}.Release|x64.ActiveCfg = Release|x64
		{217474DA-7E35-452D-A773-DAA8D6BBA317}.Release|x64.Build.0 = Release|x64
		{217474DA-7E35-452D-A773-DAA8D6BBA317}.Release|x86.ActiveCfg = Release|Win32
		{217474DA-7E35-452D-A773-DAA8D6BBA317}.Release|x86.Build.0 = Release|Win32
		{64E3DB03-0857-4189-9F35-5D9827F20FF2}.Debug|x64.ActiveCfg = Debug|x64
		{64E3DB03-0857-4189-9F35-5D9827F20FF2}.Debug|x64.Build.0 = Debug|x64
		{64E3DB03-0857-4189-9F35-5D9827F20FF2}.Debug|x86.ActiveCfg = Debug|Win32
		{64E3DB03-0857-4189-9F35-5D9827F20FF2}.Debug|x86.Build.0 = Debug|Win32
		{64E3DB03-0857-4189-9F35-5D9827F20FF2}.Release|x64.ActiveCfg = Release|x64
		{64E3DB03-0857-4189-9F35-5D9827F20FF2}.Release|x64.Build.0 = Release|x64
		{64E3DB03-0857-4189-9F35-5D9827F20FF2}.Release|x86.ActiveCfg = Release|Win32
		{64E3DB03-0857-4189-9F35-5D9827F20FF2}.Release|x86.Build.0 = Release|Win32
		{66EC8333-8853-485E-89D9-E3B18F4BAF25}.Debug|x64.ActiveCfg = Debug|x64
		{66EC8333-8853-485E-89D9-E3B18F4BAF25}.Debug|x64.Build.0 = Debug|x64
		{66EC8333-8853-485E-89D9-E3B18F4BAF25}.Debug|x86.ActiveCfg = Debug|Win32
		{66EC8333-8853-485E-89D9-E3B18F4BAF25}.Debug|x86.Build.0 = Debug|Win32
		{66EC8333-8853-485E-89D9-E3B18F4BAF25}.Release|x64.ActiveCfg = Release|x64
		{66EC8333-8853-485E-89D9-E3B18F4BAF25}.Release|x64.Build.0 = Release|x64
		{66EC8333-8853-485E-89D9-E3B18F4BAF25}.Release|x86.ActiveCfg = Release|Win32
		{66EC8333-8853-485E-89D9-E3B18F4BAF25}.Release|x86.Build.0 = Release|Win32
		{1951812F-0FFE-4768-B080-6FDA7DAF2BF8}.Debug|x64.ActiveCfg = Debug|x64
		{1951812F-0FFE-4768-B080-6FDA7DAF2BF8}.Debug|x64.Build.0 = Debug|x64
		{1951812F-0FFE-4768-B080-6FDA7DAF2BF8}.Debug|x86.ActiveCfg = Debug|Win32
		{1951812F-0FFE-4768-B080-6FDA7DAF2BF8}.Debug|x86.Build.0 = Debug|Win32
		{1951812F-0FFE-4768-B080-6FDA7DAF2BF8}.Release|x64.ActiveCfg = Release|x64
		{1951812F-0FFE-4768-B080-6FDA7DAF2BF8}.Release|x64.Build.0 = Release|x64
		{1951812F-0FFE-4768-B080-6FDA7DAF2BF8}.Release|x86.ActiveCfg = Release|Win32
		{1951812F-0FFE-4768-B080-6FDA7DAF2BF8}.Release|x86.Build.0 = Release|Win32
		{0AE49C11-A117-4520-974D-8267B9C6A040}.Debug|x64.ActiveCfg = Debug|x64
		{0AE49C11-A117-4520-974D-8267B9C6A040}.Debug|x64.Build.0 = Debug|x64
		{0AE49C11-A117-4520-974D-8267B9C6A040}.Debug|x86.ActiveCfg = Debug|Win32
		{0AE49C11-A117-4520-974D-8267B9C6A040}.Debug|x86.Build.0 = Debug|Win32
		{0AE49C11-A117-4520-974D-8267B9C6A040}.Release|x64.ActiveCfg = Release|x64
		{0AE49C11-A117-4520-974D-8267B9C6A040}.Release|x64.Build.0 = Release|x64
		{0AE49C11-A117-4520-974D-8267B9C6A040}.Release|x86.ActiveCfg = Release|Win32
		{0AE49C11-A117-4520-974D-8267B9C6A040}.Release|x86.Build.0 = Release|Win32
		{B0F4EE91-73D3-4E16-84EC-9BFC057A2B8B}.Debug|x64.ActiveCfg = Debug|x64
		{B0F4EE91-73D3-4E16-84EC-9BFC057A2B8B}.Debug|x64.Build.0 = Debug|x64
		{B0F4EE91-73D3-4E16-84EC-9BFC057A2B8B}.Debug|x86.ActiveCfg = Debug|Win32
		{B0F4EE91-73D3-4E16-84EC-9BFC057A2B8B}.Debug|x86.Build.0 = Debug|Win32
		{B0F4EE91-73D3-4E16-84EC-9BFC057A2B8B}.Release|x64.ActiveCfg = Release|x64
		{B0F4EE91-73D3-4E16-84EC-9BFC057A2B8B}.Release|x64.Build.0 = Release|x64
		{B0F4EE91-73D3-4E16-84EC-9BFC057A2B8B}.Release|x86.ActiveCfg = Release|Win32
		{B0F4EE91-73D3-4E16-84EC-9BFC057A2B8B}.Release|x86.Build.0 = Release|Win32
		{644D8CD0-1329-49BD-852D-AFA5B6DFD91C}.Debug|x64.ActiveCfg = Debug|x64
		{644D8CD0-1329-49BD-852D-AFA5B6DFD91C}.Debug|x64.Build.0 = Debug|x64
		{644D8CD0-1329-49BD-852D-AFA5B6DFD91C}.Debug|x86.ActiveCfg = Debug|Win32
		{644D8CD0-1329-49BD-852D-AFA5B6DFD91C}.Debug|x86.Build.0 = Debug|Win32
		{644D8CD0-1329-49BD-852D-AFA5B6DFD91C}.Release|x64.ActiveCfg = Release|x64
		{644D8CD0-1329-49BD-852D-AFA5B6DFD91C}.Release|x64.Build.0 = Release|x64
		{644D8CD0-1329-49BD-852D-AFA5B6DFD91C}.Release|x86.ActiveCfg = Release|Win32
		{644D8CD0-1329-49BD-852D-AFA5B6DFD91C}.Release|x86.Build.0 = Release|Win32
		{558DDA99-5737-46BC-ACF0-5A5A6492AF51}.Debug|x64.ActiveCfg = Debug|x64
		{558DDA99-5737-46BC-ACF0-5A5A6492AF51}.Debug|x64.Build.0 = Debug|x64
		{558DDA99-5737-46BC-ACF0-5A5A6492AF51}.Debug|x86.ActiveCfg = Debug|Win32
		{558DDA99-5737-46BC-ACF0-5A5A6492AF51}.Debug|x86.Build.0 = Debug|Win32
		{558DDA99-5737-46BC-ACF0-5A5A6492AF51}.Release|x64.ActiveCfg = Release|x64
		{558DDA99-5737-46BC-ACF0-5A5A6492AF51}.Release|x64.Build.0 = Release|x64
		{558DDA99-5737-46BC-ACF0-5A5A6492AF51}.Release|x86.ActiveCfg = Release|Win32
		{558DDA99-5737-46BC-ACF0-5A5A6492AF51}.Release|x86.Build.0 = Release|Win32
		{1DA0900E-9880-45CA-9DB5-E0A00B5EBCB2}.Debug|x64.ActiveCfg = Debug|x64
		{1DA0900E-9880-45CA-9DB5-E0A00B5EBCB2}.Debug|x64.Build.0 = Debug|x64
		{1DA0900E-9880-45CA-9DB5-E0A00B5EBCB2}.Debug|x86.ActiveCfg = Debug|Win32
		{1DA0900E-9880-45CA-9DB5-E0A00B5EBCB2}.Debug|x86.Build.0 = Debug|Win32
		{1DA0900E-9880-45CA-9DB5-E0A00B5EBCB2}.Release|x64.ActiveCfg = Release|x64
		{1DA0900E-9880-45CA-9DB5-E0A00B5EBCB2}.Release|x64.Build.0 = Release|x64
		{1DA0900E-9880-45CA-9DB5-E0A00B5EBCB2}.Release|x86.ActiveCfg = Release|Win32
		{1DA0900E-9880-45CA-9DB5-E0A00B5EBCB2}.Release|x86.Build.0 = Release|Win32
	EndGlobalSection
	GlobalSection(SolutionProperties) = preSolution
		HideSolutionNode = FALSE
	EndGlobalSection
	GlobalSection(ExtensibilityGlobals) = postSolution
		SolutionGuid = {DC57A5F5-8381-4C48-BD8E-F5EA51063305}
	EndGlobalSection
EndGlobal
