<?xml version="1.0" encoding="utf-8"?>
<Project ToolsVersion="4.0" xmlns="http://schemas.microsoft.com/developer/msbuild/2003">
  <ItemGroup>
    <Filter Include="소스 파일">
      <UniqueIdentifier>{4FC737F1-C7A5-4376-A066-2A32D752A2FF}</UniqueIdentifier>
      <Extensions>cpp;c;cc;cxx;def;odl;idl;hpj;bat;asm;asmx</Extensions>
    </Filter>
    <Filter Include="헤더 파일">
      <UniqueIdentifier>{93995380-89BD-4b04-88EB-625FBE52EBFB}</UniqueIdentifier>
      <Extensions>h;hh;hpp;hxx;hm;inl;inc;ipp;xsd</Extensions>
    </Filter>
    <Filter Include="리소스 파일">
      <UniqueIdentifier>{67DA6AB6-F800-4c08-8B7A-83BB121AAD01}</UniqueIdentifier>
      <Extensions>rc;ico;cur;bmp;dlg;rc2;rct;bin;rgs;gif;jpg;jpeg;jpe;resx;tiff;tif;png;wav;mfcribbon-ms</Extensions>
    </Filter>
    <Filter Include="소스 파일\Scene">
      <UniqueIdentifier>{6f87c916-9f51-4821-81c0-b189653ba02b}</UniqueIdentifier>
    </Filter>
    <Filter Include="소스 파일\Scene\cpp">
      <UniqueIdentifier>{3199d802-8bf4-464b-8780-f84638d8af65}</UniqueIdentifier>
    </Filter>
    <Filter Include="소스 파일\Scene\header">
      <UniqueIdentifier>{c1e0c84b-e783-4218-9009-5c9925768944}</UniqueIdentifier>
    </Filter>
    <Filter Include="소스 파일\Manager">
      <UniqueIdentifier>{d71acfd2-dd30-44c0-9e27-23856dd340fc}</UniqueIdentifier>
    </Filter>
    <Filter Include="소스 파일\Manager\cpp">
      <UniqueIdentifier>{27bb1131-5e84-45ff-8b74-7bdcb87de925}</UniqueIdentifier>
    </Filter>
    <Filter Include="소스 파일\Manager\header">
      <UniqueIdentifier>{d873e132-552b-47e3-a170-158dbf12f8fe}</UniqueIdentifier>
    </Filter>
    <Filter Include="소스 파일\BitMap">
      <UniqueIdentifier>{74cba761-9c57-4be9-9c37-e33898b58e4f}</UniqueIdentifier>
    </Filter>
    <Filter Include="소스 파일\CircusGame">
      <UniqueIdentifier>{5f6d9f20-d0d9-43b9-b03e-97cef8dc0d22}</UniqueIdentifier>
    </Filter>
    <Filter Include="소스 파일\CircusObject">
      <UniqueIdentifier>{3123f76b-11bf-43c0-b088-991e29a7468a}</UniqueIdentifier>
    </Filter>
    <Filter Include="소스 파일\CircusObject\cpp">
      <UniqueIdentifier>{925c212f-2d7a-4117-873f-9fce38bc4a55}</UniqueIdentifier>
    </Filter>
    <Filter Include="소스 파일\CircusObject\header">
      <UniqueIdentifier>{fc233078-a68f-4599-b8fe-6241adaf4f10}</UniqueIdentifier>
    </Filter>
  </ItemGroup>
  <ItemGroup>
    <ClCompile Include="CircusGameMain.cpp">
      <Filter>소스 파일</Filter>
    </ClCompile>
    <ClCompile Include="Scene.cpp">
      <Filter>소스 파일\Scene\cpp</Filter>
    </ClCompile>
    <ClCompile Include="Stage01.cpp">
      <Filter>소스 파일\Scene\cpp</Filter>
    </ClCompile>
    <ClCompile Include="SceneManager.cpp">
      <Filter>소스 파일\Manager\cpp</Filter>
    </ClCompile>
    <ClCompile Include="ResourceManager.cpp">
      <Filter>소스 파일\Manager\cpp</Filter>
    </ClCompile>
    <ClCompile Include="BitMap.cpp">
      <Filter>소스 파일\BitMap</Filter>
    </ClCompile>
    <ClCompile Include="CircusGame.cpp">
      <Filter>소스 파일\CircusGame</Filter>
    </ClCompile>
    <ClCompile Include="CircusObject.cpp">
      <Filter>소스 파일\CircusObject\cpp</Filter>
    </ClCompile>
    <ClCompile Include="Player.cpp">
      <Filter>소스 파일\CircusObject\cpp</Filter>
    </ClCompile>
    <ClCompile Include="BackGround.cpp">
      <Filter>소스 파일\CircusObject\cpp</Filter>
    </ClCompile>
    <ClCompile Include="FireRing.cpp">
      <Filter>소스 파일\CircusObject\cpp</Filter>
    </ClCompile>
  </ItemGroup>
  <ItemGroup>
    <ClInclude Include="Scene.h">
      <Filter>소스 파일\Scene\header</Filter>
    </ClInclude>
    <ClInclude Include="Stage01.h">
      <Filter>소스 파일\Scene\header</Filter>
    </ClInclude>
    <ClInclude Include="ResourceManager.h">
      <Filter>소스 파일\Manager\header</Filter>
    </ClInclude>
    <ClInclude Include="SceneManager.h">
      <Filter>소스 파일\Manager\header</Filter>
    </ClInclude>
    <ClInclude Include="BitMap.h">
      <Filter>소스 파일\BitMap</Filter>
    </ClInclude>
    <ClInclude Include="CircusGame.h">
      <Filter>소스 파일\CircusGame</Filter>
    </ClInclude>
    <ClInclude Include="CircusObject.h">
      <Filter>소스 파일\CircusObject\header</Filter>
    </ClInclude>
    <ClInclude Include="Player.h">
      <Filter>소스 파일\CircusObject\header</Filter>
    </ClInclude>
    <ClInclude Include="Macro.h">
      <Filter>헤더 파일</Filter>
    </ClInclude>
    <ClInclude Include="BackGround.h">
      <Filter>소스 파일\CircusObject\header</Filter>
    </ClInclude>
    <ClInclude Include="FireRing.h">
      <Filter>소스 파일\CircusObject\header</Filter>
    </ClInclude>
  </ItemGroup>
</Project>