<?xml version="1.0" encoding="utf-8"?>
<Project ToolsVersion="4.0" xmlns="http://schemas.microsoft.com/developer/msbuild/2003">
  <ItemGroup>
    <Filter Include="소스 파일">
      <UniqueIdentifier>{4FC737F1-C7A5-4376-A066-2A32D752A2FF}</UniqueIdentifier>
      <Extensions>cpp;c;cc;cxx;def;odl;idl;hpj;bat;asm;asmx</Extensions>
    </Filter>
    <Filter Include="헤더 파일">
      <UniqueIdentifier>{93995380-89BD-4b04-88EB-625FBE52EBFB}</UniqueIdentifier>
      <Extensions>h;hh;hpp;hxx;hm;inl;inc;ipp;xsd</Extensions>
    </Filter>
    <Filter Include="리소스 파일">
      <UniqueIdentifier>{67DA6AB6-F800-4c08-8B7A-83BB121AAD01}</UniqueIdentifier>
      <Extensions>rc;ico;cur;bmp;dlg;rc2;rct;bin;rgs;gif;jpg;jpeg;jpe;resx;tiff;tif;png;wav;mfcribbon-ms</Extensions>
    </Filter>
    <Filter Include="소스 파일\Manager">
      <UniqueIdentifier>{8dd4c68e-65d5-49fb-a978-29b9a89a837c}</UniqueIdentifier>
    </Filter>
    <Filter Include="소스 파일\BitMap">
      <UniqueIdentifier>{d66ffe27-d136-4dab-9099-d724e0c5b78d}</UniqueIdentifier>
    </Filter>
    <Filter Include="소스 파일\FrameWork">
      <UniqueIdentifier>{9255ceec-9252-48a4-a617-160cbfe5109b}</UniqueIdentifier>
    </Filter>
    <Filter Include="소스 파일\Scene">
      <UniqueIdentifier>{57ffcdba-8688-4a39-a9b4-b34069246784}</UniqueIdentifier>
    </Filter>
    <Filter Include="소스 파일\BC_Object">
      <UniqueIdentifier>{0c4cebc3-f1ca-4b04-ae28-51402d347fba}</UniqueIdentifier>
    </Filter>
    <Filter Include="소스 파일\BC_Object\Tile">
      <UniqueIdentifier>{276bb009-2873-49d2-b3d7-c1dfe27caf64}</UniqueIdentifier>
    </Filter>
    <Filter Include="소스 파일\BC_Object\Tank">
      <UniqueIdentifier>{c217e169-259f-44d1-b218-5d49b42f78d9}</UniqueIdentifier>
    </Filter>
  </ItemGroup>
  <ItemGroup>
    <ClInclude Include="ResourceManager.h">
      <Filter>소스 파일\Manager</Filter>
    </ClInclude>
    <ClInclude Include="BitMap.h">
      <Filter>소스 파일\BitMap</Filter>
    </ClInclude>
    <ClInclude Include="GameFrameWork.h">
      <Filter>소스 파일\FrameWork</Filter>
    </ClInclude>
    <ClInclude Include="Macro.h">
      <Filter>헤더 파일</Filter>
    </ClInclude>
    <ClInclude Include="Scene.h">
      <Filter>소스 파일\Scene</Filter>
    </ClInclude>
    <ClInclude Include="SceneManager.h">
      <Filter>소스 파일\Manager</Filter>
    </ClInclude>
    <ClInclude Include="Stage.h">
      <Filter>소스 파일\Scene</Filter>
    </ClInclude>
    <ClInclude Include="Tile.h">
      <Filter>소스 파일\BC_Object\Tile</Filter>
    </ClInclude>
    <ClInclude Include="Brick.h">
      <Filter>소스 파일\BC_Object\Tile</Filter>
    </ClInclude>
    <ClInclude Include="Metal.h">
      <Filter>소스 파일\BC_Object\Tile</Filter>
    </ClInclude>
    <ClInclude Include="Global.h">
      <Filter>헤더 파일</Filter>
    </ClInclude>
    <ClInclude Include="Base.h">
      <Filter>소스 파일\BC_Object\Tile</Filter>
    </ClInclude>
    <ClInclude Include="Player.h">
      <Filter>소스 파일\BC_Object\Tank</Filter>
    </ClInclude>
    <ClInclude Include="TileMap.h">
      <Filter>헤더 파일</Filter>
    </ClInclude>
  </ItemGroup>
  <ItemGroup>
    <ClCompile Include="ResourceManager.cpp">
      <Filter>소스 파일\Manager</Filter>
    </ClCompile>
    <ClCompile Include="BitMap.cpp">
      <Filter>소스 파일\BitMap</Filter>
    </ClCompile>
    <ClCompile Include="GameFrame.cpp">
      <Filter>소스 파일\FrameWork</Filter>
    </ClCompile>
    <ClCompile Include="GameFrameWork.cpp">
      <Filter>소스 파일\FrameWork</Filter>
    </ClCompile>
    <ClCompile Include="Scene.cpp">
      <Filter>소스 파일\Scene</Filter>
    </ClCompile>
    <ClCompile Include="SceneManager.cpp">
      <Filter>소스 파일\Manager</Filter>
    </ClCompile>
    <ClCompile Include="Stage.cpp">
      <Filter>소스 파일\Scene</Filter>
    </ClCompile>
    <ClCompile Include="Tile.cpp">
      <Filter>소스 파일\BC_Object\Tile</Filter>
    </ClCompile>
    <ClCompile Include="Brick.cpp">
      <Filter>소스 파일\BC_Object\Tile</Filter>
    </ClCompile>
    <ClCompile Include="Metal.cpp">
      <Filter>소스 파일\BC_Object\Tile</Filter>
    </ClCompile>
    <ClCompile Include="Base.cpp">
      <Filter>소스 파일\BC_Object\Tile</Filter>
    </ClCompile>
    <ClCompile Include="Player.cpp">
      <Filter>소스 파일\BC_Object\Tank</Filter>
    </ClCompile>
    <ClCompile Include="TileMap.cpp">
      <Filter>소스 파일</Filter>
    </ClCompile>
  </ItemGroup>
</Project>